
Microsoft Visual Studio Solution File, Format Version 12.00
# Visual Studio 14
VisualStudioVersion = 14.0.24720.0
MinimumVisualStudioVersion = 10.0.40219.1
Project("{FAE04EC0-301F-11D3-BF4B-00C04F79EFBC}") = "WebSite", "WebSite\WebSite.csproj", "{B9843A5C-EFAD-4938-8CBF-F7F14983EAFC}"
EndProject
Project("{2150E333-8FDC-42A3-9474-1A3956D46DE8}") = ".nuget", ".nuget", "{ABBFBCED-A3E3-4077-8723-DF81868B1011}"
	ProjectSection(SolutionItems) = preProject
		.nuget\NuGet.Config = .nuget\NuGet.Config
		.nuget\NuGet.exe = .nuget\NuGet.exe
		.nuget\NuGet.targets = .nuget\NuGet.targets
	EndProjectSection
EndProject
Project("{FAE04EC0-301F-11D3-BF4B-00C04F79EFBC}") = "FoodApp.Common", "FoodApp.Common\FoodApp.Common.csproj", "{B46136B2-1469-4801-84C4-659A81583B4A}"
EndProject
Project("{FAE04EC0-301F-11D3-BF4B-00C04F79EFBC}") = "angularjs", "..\angularjs\angularjs.csproj", "{E298E94B-876F-48AD-BB51-E8ACCB30A6F0}"
EndProject
Project("{262852C6-CD72-467D-83FE-5EEB1973A190}") = "CordovaApp", "CordovaApp\CordovaApp.jsproj", "{EF2FC46D-2EA7-4D4C-B4F9-F016E50C6D51}"
EndProject
Project("{FAE04EC0-301F-11D3-BF4B-00C04F79EFBC}") = "MobileWebApp", "MobileWebApp\MobileWebApp.csproj", "{060CFCA7-E4C2-4AEF-9175-2153483E55DA}"
EndProject
Global
	GlobalSection(SolutionConfigurationPlatforms) = preSolution
		Debug|Android = Debug|Android
		Debug|Any CPU = Debug|Any CPU
		Debug|iOS = Debug|iOS
		Debug|Windows Phone (Universal) = Debug|Windows Phone (Universal)
		Debug|Windows Phone 8 = Debug|Windows Phone 8
		Debug|Windows-AnyCPU = Debug|Windows-AnyCPU
		Debug|Windows-ARM = Debug|Windows-ARM
		Debug|Windows-x64 = Debug|Windows-x64
		Debug|Windows-x86 = Debug|Windows-x86
		Release|Android = Release|Android
		Release|Any CPU = Release|Any CPU
		Release|iOS = Release|iOS
		Release|Windows Phone (Universal) = Release|Windows Phone (Universal)
		Release|Windows Phone 8 = Release|Windows Phone 8
		Release|Windows-AnyCPU = Release|Windows-AnyCPU
		Release|Windows-ARM = Release|Windows-ARM
		Release|Windows-x64 = Release|Windows-x64
		Release|Windows-x86 = Release|Windows-x86
	EndGlobalSection
	GlobalSection(ProjectConfigurationPlatforms) = postSolution
		{B9843A5C-EFAD-4938-8CBF-F7F14983EAFC}.Debug|Android.ActiveCfg = Debug|Any CPU
		{B9843A5C-EFAD-4938-8CBF-F7F14983EAFC}.Debug|Android.Build.0 = Debug|Any CPU
		{B9843A5C-EFAD-4938-8CBF-F7F14983EAFC}.Debug|Any CPU.ActiveCfg = Debug|Any CPU
		{B9843A5C-EFAD-4938-8CBF-F7F14983EAFC}.Debug|Any CPU.Build.0 = Debug|Any CPU
		{B9843A5C-EFAD-4938-8CBF-F7F14983EAFC}.Debug|iOS.ActiveCfg = Debug|Any CPU
		{B9843A5C-EFAD-4938-8CBF-F7F14983EAFC}.Debug|iOS.Build.0 = Debug|Any CPU
		{B9843A5C-EFAD-4938-8CBF-F7F14983EAFC}.Debug|Windows Phone (Universal).ActiveCfg = Debug|Any CPU
		{B9843A5C-EFAD-4938-8CBF-F7F14983EAFC}.Debug|Windows Phone (Universal).Build.0 = Debug|Any CPU
		{B9843A5C-EFAD-4938-8CBF-F7F14983EAFC}.Debug|Windows Phone 8.ActiveCfg = Debug|Any CPU
		{B9843A5C-EFAD-4938-8CBF-F7F14983EAFC}.Debug|Windows Phone 8.Build.0 = Debug|Any CPU
		{B9843A5C-EFAD-4938-8CBF-F7F14983EAFC}.Debug|Windows-AnyCPU.ActiveCfg = Debug|Any CPU
		{B9843A5C-EFAD-4938-8CBF-F7F14983EAFC}.Debug|Windows-AnyCPU.Build.0 = Debug|Any CPU
		{B9843A5C-EFAD-4938-8CBF-F7F14983EAFC}.Debug|Windows-ARM.ActiveCfg = Debug|Any CPU
		{B9843A5C-EFAD-4938-8CBF-F7F14983EAFC}.Debug|Windows-ARM.Build.0 = Debug|Any CPU
		{B9843A5C-EFAD-4938-8CBF-F7F14983EAFC}.Debug|Windows-x64.ActiveCfg = Debug|Any CPU
		{B9843A5C-EFAD-4938-8CBF-F7F14983EAFC}.Debug|Windows-x64.Build.0 = Debug|Any CPU
		{B9843A5C-EFAD-4938-8CBF-F7F14983EAFC}.Debug|Windows-x86.ActiveCfg = Debug|Any CPU
		{B9843A5C-EFAD-4938-8CBF-F7F14983EAFC}.Debug|Windows-x86.Build.0 = Debug|Any CPU
		{B9843A5C-EFAD-4938-8CBF-F7F14983EAFC}.Release|Android.ActiveCfg = Release|Any CPU
		{B9843A5C-EFAD-4938-8CBF-F7F14983EAFC}.Release|Android.Build.0 = Release|Any CPU
		{B9843A5C-EFAD-4938-8CBF-F7F14983EAFC}.Release|Any CPU.ActiveCfg = Release|Any CPU
		{B9843A5C-EFAD-4938-8CBF-F7F14983EAFC}.Release|Any CPU.Build.0 = Release|Any CPU
		{B9843A5C-EFAD-4938-8CBF-F7F14983EAFC}.Release|iOS.ActiveCfg = Release|Any CPU
		{B9843A5C-EFAD-4938-8CBF-F7F14983EAFC}.Release|iOS.Build.0 = Release|Any CPU
		{B9843A5C-EFAD-4938-8CBF-F7F14983EAFC}.Release|Windows Phone (Universal).ActiveCfg = Release|Any CPU
		{B9843A5C-EFAD-4938-8CBF-F7F14983EAFC}.Release|Windows Phone (Universal).Build.0 = Release|Any CPU
		{B9843A5C-EFAD-4938-8CBF-F7F14983EAFC}.Release|Windows Phone 8.ActiveCfg = Release|Any CPU
		{B9843A5C-EFAD-4938-8CBF-F7F14983EAFC}.Release|Windows Phone 8.Build.0 = Release|Any CPU
		{B9843A5C-EFAD-4938-8CBF-F7F14983EAFC}.Release|Windows-AnyCPU.ActiveCfg = Release|Any CPU
		{B9843A5C-EFAD-4938-8CBF-F7F14983EAFC}.Release|Windows-AnyCPU.Build.0 = Release|Any CPU
		{B9843A5C-EFAD-4938-8CBF-F7F14983EAFC}.Release|Windows-ARM.ActiveCfg = Release|Any CPU
		{B9843A5C-EFAD-4938-8CBF-F7F14983EAFC}.Release|Windows-ARM.Build.0 = Release|Any CPU
		{B9843A5C-EFAD-4938-8CBF-F7F14983EAFC}.Release|Windows-x64.ActiveCfg = Release|Any CPU
		{B9843A5C-EFAD-4938-8CBF-F7F14983EAFC}.Release|Windows-x64.Build.0 = Release|Any CPU
		{B9843A5C-EFAD-4938-8CBF-F7F14983EAFC}.Release|Windows-x86.ActiveCfg = Release|Any CPU
		{B9843A5C-EFAD-4938-8CBF-F7F14983EAFC}.Release|Windows-x86.Build.0 = Release|Any CPU
		{B46136B2-1469-4801-84C4-659A81583B4A}.Debug|Android.ActiveCfg = Debug|Any CPU
		{B46136B2-1469-4801-84C4-659A81583B4A}.Debug|Android.Build.0 = Debug|Any CPU
		{B46136B2-1469-4801-84C4-659A81583B4A}.Debug|Any CPU.ActiveCfg = Debug|Any CPU
		{B46136B2-1469-4801-84C4-659A81583B4A}.Debug|Any CPU.Build.0 = Debug|Any CPU
		{B46136B2-1469-4801-84C4-659A81583B4A}.Debug|iOS.ActiveCfg = Debug|Any CPU
		{B46136B2-1469-4801-84C4-659A81583B4A}.Debug|iOS.Build.0 = Debug|Any CPU
		{B46136B2-1469-4801-84C4-659A81583B4A}.Debug|Windows Phone (Universal).ActiveCfg = Debug|Any CPU
		{B46136B2-1469-4801-84C4-659A81583B4A}.Debug|Windows Phone (Universal).Build.0 = Debug|Any CPU
		{B46136B2-1469-4801-84C4-659A81583B4A}.Debug|Windows Phone 8.ActiveCfg = Debug|Any CPU
		{B46136B2-1469-4801-84C4-659A81583B4A}.Debug|Windows Phone 8.Build.0 = Debug|Any CPU
		{B46136B2-1469-4801-84C4-659A81583B4A}.Debug|Windows-AnyCPU.ActiveCfg = Debug|Any CPU
		{B46136B2-1469-4801-84C4-659A81583B4A}.Debug|Windows-AnyCPU.Build.0 = Debug|Any CPU
		{B46136B2-1469-4801-84C4-659A81583B4A}.Debug|Windows-ARM.ActiveCfg = Debug|Any CPU
		{B46136B2-1469-4801-84C4-659A81583B4A}.Debug|Windows-ARM.Build.0 = Debug|Any CPU
		{B46136B2-1469-4801-84C4-659A81583B4A}.Debug|Windows-x64.ActiveCfg = Debug|Any CPU
		{B46136B2-1469-4801-84C4-659A81583B4A}.Debug|Windows-x64.Build.0 = Debug|Any CPU
		{B46136B2-1469-4801-84C4-659A81583B4A}.Debug|Windows-x86.ActiveCfg = Debug|Any CPU
		{B46136B2-1469-4801-84C4-659A81583B4A}.Debug|Windows-x86.Build.0 = Debug|Any CPU
		{B46136B2-1469-4801-84C4-659A81583B4A}.Release|Android.ActiveCfg = Release|Any CPU
		{B46136B2-1469-4801-84C4-659A81583B4A}.Release|Android.Build.0 = Release|Any CPU
		{B46136B2-1469-4801-84C4-659A81583B4A}.Release|Any CPU.ActiveCfg = Release|Any CPU
		{B46136B2-1469-4801-84C4-659A81583B4A}.Release|Any CPU.Build.0 = Release|Any CPU
		{B46136B2-1469-4801-84C4-659A81583B4A}.Release|iOS.ActiveCfg = Release|Any CPU
		{B46136B2-1469-4801-84C4-659A81583B4A}.Release|iOS.Build.0 = Release|Any CPU
		{B46136B2-1469-4801-84C4-659A81583B4A}.Release|Windows Phone (Universal).ActiveCfg = Release|Any CPU
		{B46136B2-1469-4801-84C4-659A81583B4A}.Release|Windows Phone (Universal).Build.0 = Release|Any CPU
		{B46136B2-1469-4801-84C4-659A81583B4A}.Release|Windows Phone 8.ActiveCfg = Release|Any CPU
		{B46136B2-1469-4801-84C4-659A81583B4A}.Release|Windows Phone 8.Build.0 = Release|Any CPU
		{B46136B2-1469-4801-84C4-659A81583B4A}.Release|Windows-AnyCPU.ActiveCfg = Release|Any CPU
		{B46136B2-1469-4801-84C4-659A81583B4A}.Release|Windows-AnyCPU.Build.0 = Release|Any CPU
		{B46136B2-1469-4801-84C4-659A81583B4A}.Release|Windows-ARM.ActiveCfg = Release|Any CPU
		{B46136B2-1469-4801-84C4-659A81583B4A}.Release|Windows-ARM.Build.0 = Release|Any CPU
		{B46136B2-1469-4801-84C4-659A81583B4A}.Release|Windows-x64.ActiveCfg = Release|Any CPU
		{B46136B2-1469-4801-84C4-659A81583B4A}.Release|Windows-x64.Build.0 = Release|Any CPU
		{B46136B2-1469-4801-84C4-659A81583B4A}.Release|Windows-x86.ActiveCfg = Release|Any CPU
		{B46136B2-1469-4801-84C4-659A81583B4A}.Release|Windows-x86.Build.0 = Release|Any CPU
		{E298E94B-876F-48AD-BB51-E8ACCB30A6F0}.Debug|Android.ActiveCfg = Debug|Any CPU
		{E298E94B-876F-48AD-BB51-E8ACCB30A6F0}.Debug|Android.Build.0 = Debug|Any CPU
		{E298E94B-876F-48AD-BB51-E8ACCB30A6F0}.Debug|Any CPU.ActiveCfg = Debug|Any CPU
		{E298E94B-876F-48AD-BB51-E8ACCB30A6F0}.Debug|Any CPU.Build.0 = Debug|Any CPU
		{E298E94B-876F-48AD-BB51-E8ACCB30A6F0}.Debug|iOS.ActiveCfg = Debug|Any CPU
		{E298E94B-876F-48AD-BB51-E8ACCB30A6F0}.Debug|iOS.Build.0 = Debug|Any CPU
		{E298E94B-876F-48AD-BB51-E8ACCB30A6F0}.Debug|Windows Phone (Universal).ActiveCfg = Debug|Any CPU
		{E298E94B-876F-48AD-BB51-E8ACCB30A6F0}.Debug|Windows Phone (Universal).Build.0 = Debug|Any CPU
		{E298E94B-876F-48AD-BB51-E8ACCB30A6F0}.Debug|Windows Phone 8.ActiveCfg = Debug|Any CPU
		{E298E94B-876F-48AD-BB51-E8ACCB30A6F0}.Debug|Windows Phone 8.Build.0 = Debug|Any CPU
		{E298E94B-876F-48AD-BB51-E8ACCB30A6F0}.Debug|Windows-AnyCPU.ActiveCfg = Debug|Any CPU
		{E298E94B-876F-48AD-BB51-E8ACCB30A6F0}.Debug|Windows-AnyCPU.Build.0 = Debug|Any CPU
		{E298E94B-876F-48AD-BB51-E8ACCB30A6F0}.Debug|Windows-ARM.ActiveCfg = Debug|Any CPU
		{E298E94B-876F-48AD-BB51-E8ACCB30A6F0}.Debug|Windows-ARM.Build.0 = Debug|Any CPU
		{E298E94B-876F-48AD-BB51-E8ACCB30A6F0}.Debug|Windows-x64.ActiveCfg = Debug|Any CPU
		{E298E94B-876F-48AD-BB51-E8ACCB30A6F0}.Debug|Windows-x64.Build.0 = Debug|Any CPU
		{E298E94B-876F-48AD-BB51-E8ACCB30A6F0}.Debug|Windows-x86.ActiveCfg = Debug|Any CPU
		{E298E94B-876F-48AD-BB51-E8ACCB30A6F0}.Debug|Windows-x86.Build.0 = Debug|Any CPU
		{E298E94B-876F-48AD-BB51-E8ACCB30A6F0}.Release|Android.ActiveCfg = Release|Any CPU
		{E298E94B-876F-48AD-BB51-E8ACCB30A6F0}.Release|Android.Build.0 = Release|Any CPU
		{E298E94B-876F-48AD-BB51-E8ACCB30A6F0}.Release|Any CPU.ActiveCfg = Release|Any CPU
		{E298E94B-876F-48AD-BB51-E8ACCB30A6F0}.Release|Any CPU.Build.0 = Release|Any CPU
		{E298E94B-876F-48AD-BB51-E8ACCB30A6F0}.Release|iOS.ActiveCfg = Release|Any CPU
		{E298E94B-876F-48AD-BB51-E8ACCB30A6F0}.Release|iOS.Build.0 = Release|Any CPU
		{E298E94B-876F-48AD-BB51-E8ACCB30A6F0}.Release|Windows Phone (Universal).ActiveCfg = Release|Any CPU
		{E298E94B-876F-48AD-BB51-E8ACCB30A6F0}.Release|Windows Phone (Universal).Build.0 = Release|Any CPU
		{E298E94B-876F-48AD-BB51-E8ACCB30A6F0}.Release|Windows Phone 8.ActiveCfg = Release|Any CPU
		{E298E94B-876F-48AD-BB51-E8ACCB30A6F0}.Release|Windows Phone 8.Build.0 = Release|Any CPU
		{E298E94B-876F-48AD-BB51-E8ACCB30A6F0}.Release|Windows-AnyCPU.ActiveCfg = Release|Any CPU
		{E298E94B-876F-48AD-BB51-E8ACCB30A6F0}.Release|Windows-AnyCPU.Build.0 = Release|Any CPU
		{E298E94B-876F-48AD-BB51-E8ACCB30A6F0}.Release|Windows-ARM.ActiveCfg = Release|Any CPU
		{E298E94B-876F-48AD-BB51-E8ACCB30A6F0}.Release|Windows-ARM.Build.0 = Release|Any CPU
		{E298E94B-876F-48AD-BB51-E8ACCB30A6F0}.Release|Windows-x64.ActiveCfg = Release|Any CPU
		{E298E94B-876F-48AD-BB51-E8ACCB30A6F0}.Release|Windows-x64.Build.0 = Release|Any CPU
		{E298E94B-876F-48AD-BB51-E8ACCB30A6F0}.Release|Windows-x86.ActiveCfg = Release|Any CPU
		{E298E94B-876F-48AD-BB51-E8ACCB30A6F0}.Release|Windows-x86.Build.0 = Release|Any CPU
		{EF2FC46D-2EA7-4D4C-B4F9-F016E50C6D51}.Debug|Android.ActiveCfg = Debug|Android
		{EF2FC46D-2EA7-4D4C-B4F9-F016E50C6D51}.Debug|Android.Build.0 = Debug|Android
		{EF2FC46D-2EA7-4D4C-B4F9-F016E50C6D51}.Debug|Android.Deploy.0 = Debug|Android
		{EF2FC46D-2EA7-4D4C-B4F9-F016E50C6D51}.Debug|Any CPU.ActiveCfg = Debug|Android
		{EF2FC46D-2EA7-4D4C-B4F9-F016E50C6D51}.Debug|iOS.ActiveCfg = Debug|iOS
		{EF2FC46D-2EA7-4D4C-B4F9-F016E50C6D51}.Debug|iOS.Build.0 = Debug|iOS
		{EF2FC46D-2EA7-4D4C-B4F9-F016E50C6D51}.Debug|iOS.Deploy.0 = Debug|iOS
		{EF2FC46D-2EA7-4D4C-B4F9-F016E50C6D51}.Debug|Windows Phone (Universal).ActiveCfg = Debug|Windows Phone (Universal)
		{EF2FC46D-2EA7-4D4C-B4F9-F016E50C6D51}.Debug|Windows Phone (Universal).Build.0 = Debug|Windows Phone (Universal)
		{EF2FC46D-2EA7-4D4C-B4F9-F016E50C6D51}.Debug|Windows Phone (Universal).Deploy.0 = Debug|Windows Phone (Universal)
		{EF2FC46D-2EA7-4D4C-B4F9-F016E50C6D51}.Debug|Windows Phone 8.ActiveCfg = Debug|Windows Phone 8
		{EF2FC46D-2EA7-4D4C-B4F9-F016E50C6D51}.Debug|Windows Phone 8.Build.0 = Debug|Windows Phone 8
		{EF2FC46D-2EA7-4D4C-B4F9-F016E50C6D51}.Debug|Windows Phone 8.Deploy.0 = Debug|Windows Phone 8
		{EF2FC46D-2EA7-4D4C-B4F9-F016E50C6D51}.Debug|Windows-AnyCPU.ActiveCfg = Debug|Windows-AnyCPU
		{EF2FC46D-2EA7-4D4C-B4F9-F016E50C6D51}.Debug|Windows-AnyCPU.Build.0 = Debug|Windows-AnyCPU
		{EF2FC46D-2EA7-4D4C-B4F9-F016E50C6D51}.Debug|Windows-AnyCPU.Deploy.0 = Debug|Windows-AnyCPU
		{EF2FC46D-2EA7-4D4C-B4F9-F016E50C6D51}.Debug|Windows-ARM.ActiveCfg = Debug|Windows-ARM
		{EF2FC46D-2EA7-4D4C-B4F9-F016E50C6D51}.Debug|Windows-ARM.Build.0 = Debug|Windows-ARM
		{EF2FC46D-2EA7-4D4C-B4F9-F016E50C6D51}.Debug|Windows-ARM.Deploy.0 = Debug|Windows-ARM
		{EF2FC46D-2EA7-4D4C-B4F9-F016E50C6D51}.Debug|Windows-x64.ActiveCfg = Debug|Windows-x64
		{EF2FC46D-2EA7-4D4C-B4F9-F016E50C6D51}.Debug|Windows-x64.Build.0 = Debug|Windows-x64
		{EF2FC46D-2EA7-4D4C-B4F9-F016E50C6D51}.Debug|Windows-x64.Deploy.0 = Debug|Windows-x64
		{EF2FC46D-2EA7-4D4C-B4F9-F016E50C6D51}.Debug|Windows-x86.ActiveCfg = Debug|Windows-x86
		{EF2FC46D-2EA7-4D4C-B4F9-F016E50C6D51}.Debug|Windows-x86.Build.0 = Debug|Windows-x86
		{EF2FC46D-2EA7-4D4C-B4F9-F016E50C6D51}.Debug|Windows-x86.Deploy.0 = Debug|Windows-x86
		{EF2FC46D-2EA7-4D4C-B4F9-F016E50C6D51}.Release|Android.ActiveCfg = Release|Android
		{EF2FC46D-2EA7-4D4C-B4F9-F016E50C6D51}.Release|Android.Build.0 = Release|Android
		{EF2FC46D-2EA7-4D4C-B4F9-F016E50C6D51}.Release|Android.Deploy.0 = Release|Android
		{EF2FC46D-2EA7-4D4C-B4F9-F016E50C6D51}.Release|Any CPU.ActiveCfg = Release|Android
		{EF2FC46D-2EA7-4D4C-B4F9-F016E50C6D51}.Release|iOS.ActiveCfg = Release|iOS
		{EF2FC46D-2EA7-4D4C-B4F9-F016E50C6D51}.Release|iOS.Build.0 = Release|iOS
		{EF2FC46D-2EA7-4D4C-B4F9-F016E50C6D51}.Release|iOS.Deploy.0 = Release|iOS
		{EF2FC46D-2EA7-4D4C-B4F9-F016E50C6D51}.Release|Windows Phone (Universal).ActiveCfg = Release|Windows Phone (Universal)
		{EF2FC46D-2EA7-4D4C-B4F9-F016E50C6D51}.Release|Windows Phone (Universal).Build.0 = Release|Windows Phone (Universal)
		{EF2FC46D-2EA7-4D4C-B4F9-F016E50C6D51}.Release|Windows Phone (Universal).Deploy.0 = Release|Windows Phone (Universal)
		{EF2FC46D-2EA7-4D4C-B4F9-F016E50C6D51}.Release|Windows Phone 8.ActiveCfg = Release|Windows Phone 8
		{EF2FC46D-2EA7-4D4C-B4F9-F016E50C6D51}.Release|Windows Phone 8.Build.0 = Release|Windows Phone 8
		{EF2FC46D-2EA7-4D4C-B4F9-F016E50C6D51}.Release|Windows Phone 8.Deploy.0 = Release|Windows Phone 8
		{EF2FC46D-2EA7-4D4C-B4F9-F016E50C6D51}.Release|Windows-AnyCPU.ActiveCfg = Release|Windows-AnyCPU
		{EF2FC46D-2EA7-4D4C-B4F9-F016E50C6D51}.Release|Windows-AnyCPU.Build.0 = Release|Windows-AnyCPU
		{EF2FC46D-2EA7-4D4C-B4F9-F016E50C6D51}.Release|Windows-AnyCPU.Deploy.0 = Release|Windows-AnyCPU
		{EF2FC46D-2EA7-4D4C-B4F9-F016E50C6D51}.Release|Windows-ARM.ActiveCfg = Release|Windows-ARM
		{EF2FC46D-2EA7-4D4C-B4F9-F016E50C6D51}.Release|Windows-ARM.Build.0 = Release|Windows-ARM
		{EF2FC46D-2EA7-4D4C-B4F9-F016E50C6D51}.Release|Windows-ARM.Deploy.0 = Release|Windows-ARM
		{EF2FC46D-2EA7-4D4C-B4F9-F016E50C6D51}.Release|Windows-x64.ActiveCfg = Release|Windows-x64
		{EF2FC46D-2EA7-4D4C-B4F9-F016E50C6D51}.Release|Windows-x64.Build.0 = Release|Windows-x64
		{EF2FC46D-2EA7-4D4C-B4F9-F016E50C6D51}.Release|Windows-x64.Deploy.0 = Release|Windows-x64
		{EF2FC46D-2EA7-4D4C-B4F9-F016E50C6D51}.Release|Windows-x86.ActiveCfg = Release|Windows-x86
		{EF2FC46D-2EA7-4D4C-B4F9-F016E50C6D51}.Release|Windows-x86.Build.0 = Release|Windows-x86
		{EF2FC46D-2EA7-4D4C-B4F9-F016E50C6D51}.Release|Windows-x86.Deploy.0 = Release|Windows-x86
		{060CFCA7-E4C2-4AEF-9175-2153483E55DA}.Debug|Android.ActiveCfg = Debug|Any CPU
		{060CFCA7-E4C2-4AEF-9175-2153483E55DA}.Debug|Android.Build.0 = Debug|Any CPU
		{060CFCA7-E4C2-4AEF-9175-2153483E55DA}.Debug|Any CPU.ActiveCfg = Debug|Any CPU
		{060CFCA7-E4C2-4AEF-9175-2153483E55DA}.Debug|Any CPU.Build.0 = Debug|Any CPU
		{060CFCA7-E4C2-4AEF-9175-2153483E55DA}.Debug|iOS.ActiveCfg = Debug|Any CPU
		{060CFCA7-E4C2-4AEF-9175-2153483E55DA}.Debug|iOS.Build.0 = Debug|Any CPU
		{060CFCA7-E4C2-4AEF-9175-2153483E55DA}.Debug|Windows Phone (Universal).ActiveCfg = Debug|Any CPU
		{060CFCA7-E4C2-4AEF-9175-2153483E55DA}.Debug|Windows Phone (Universal).Build.0 = Debug|Any CPU
		{060CFCA7-E4C2-4AEF-9175-2153483E55DA}.Debug|Windows Phone 8.ActiveCfg = Debug|Any CPU
		{060CFCA7-E4C2-4AEF-9175-2153483E55DA}.Debug|Windows Phone 8.Build.0 = Debug|Any CPU
		{060CFCA7-E4C2-4AEF-9175-2153483E55DA}.Debug|Windows-AnyCPU.ActiveCfg = Debug|Any CPU
		{060CFCA7-E4C2-4AEF-9175-2153483E55DA}.Debug|Windows-AnyCPU.Build.0 = Debug|Any CPU
		{060CFCA7-E4C2-4AEF-9175-2153483E55DA}.Debug|Windows-ARM.ActiveCfg = Debug|Any CPU
		{060CFCA7-E4C2-4AEF-9175-2153483E55DA}.Debug|Windows-ARM.Build.0 = Debug|Any CPU
		{060CFCA7-E4C2-4AEF-9175-2153483E55DA}.Debug|Windows-x64.ActiveCfg = Debug|Any CPU
		{060CFCA7-E4C2-4AEF-9175-2153483E55DA}.Debug|Windows-x64.Build.0 = Debug|Any CPU
		{060CFCA7-E4C2-4AEF-9175-2153483E55DA}.Debug|Windows-x86.ActiveCfg = Debug|Any CPU
		{060CFCA7-E4C2-4AEF-9175-2153483E55DA}.Debug|Windows-x86.Build.0 = Debug|Any CPU
		{060CFCA7-E4C2-4AEF-9175-2153483E55DA}.Release|Android.ActiveCfg = Release|Any CPU
		{060CFCA7-E4C2-4AEF-9175-2153483E55DA}.Release|Android.Build.0 = Release|Any CPU
		{060CFCA7-E4C2-4AEF-9175-2153483E55DA}.Release|Any CPU.ActiveCfg = Release|Any CPU
		{060CFCA7-E4C2-4AEF-9175-2153483E55DA}.Release|Any CPU.Build.0 = Release|Any CPU
		{060CFCA7-E4C2-4AEF-9175-2153483E55DA}.Release|iOS.ActiveCfg = Release|Any CPU
		{060CFCA7-E4C2-4AEF-9175-2153483E55DA}.Release|iOS.Build.0 = Release|Any CPU
		{060CFCA7-E4C2-4AEF-9175-2153483E55DA}.Release|Windows Phone (Universal).ActiveCfg = Release|Any CPU
		{060CFCA7-E4C2-4AEF-9175-2153483E55DA}.Release|Windows Phone (Universal).Build.0 = Release|Any CPU
		{060CFCA7-E4C2-4AEF-9175-2153483E55DA}.Release|Windows Phone 8.ActiveCfg = Release|Any CPU
		{060CFCA7-E4C2-4AEF-9175-2153483E55DA}.Release|Windows Phone 8.Build.0 = Release|Any CPU
		{060CFCA7-E4C2-4AEF-9175-2153483E55DA}.Release|Windows-AnyCPU.ActiveCfg = Release|Any CPU
		{060CFCA7-E4C2-4AEF-9175-2153483E55DA}.Release|Windows-AnyCPU.Build.0 = Release|Any CPU
		{060CFCA7-E4C2-4AEF-9175-2153483E55DA}.Release|Windows-ARM.ActiveCfg = Release|Any CPU
		{060CFCA7-E4C2-4AEF-9175-2153483E55DA}.Release|Windows-ARM.Build.0 = Release|Any CPU
		{060CFCA7-E4C2-4AEF-9175-2153483E55DA}.Release|Windows-x64.ActiveCfg = Release|Any CPU
		{060CFCA7-E4C2-4AEF-9175-2153483E55DA}.Release|Windows-x64.Build.0 = Release|Any CPU
		{060CFCA7-E4C2-4AEF-9175-2153483E55DA}.Release|Windows-x86.ActiveCfg = Release|Any CPU
		{060CFCA7-E4C2-4AEF-9175-2153483E55DA}.Release|Windows-x86.Build.0 = Release|Any CPU
	EndGlobalSection
	GlobalSection(SolutionProperties) = preSolution
		HideSolutionNode = FALSE
	EndGlobalSection
EndGlobal
